<?xml version="1.0" encoding="utf-8"?>
<Project ToolsVersion="4.0" xmlns="http://schemas.microsoft.com/developer/msbuild/2003">
  <ItemGroup>
    <Filter Include="Source Files">
      <UniqueIdentifier>{4FC737F1-C7A5-4376-A066-2A32D752A2FF}</UniqueIdentifier>
      <Extensions>cpp;c;cc;cxx;c++;cppm;ixx;def;odl;idl;hpj;bat;asm;asmx</Extensions>
    </Filter>
    <Filter Include="Header Files">
      <UniqueIdentifier>{93995380-89BD-4b04-88EB-625FBE52EBFB}</UniqueIdentifier>
      <Extensions>h;hh;hpp;hxx;h++;hm;inl;inc;ipp;xsd</Extensions>
    </Filter>
    <Filter Include="Resource Files">
      <UniqueIdentifier>{67DA6AB6-F800-4c08-8B7A-83BB121AAD01}</UniqueIdentifier>
      <Extensions>rc;ico;cur;bmp;dlg;rc2;rct;bin;rgs;gif;jpg;jpeg;jpe;resx;tiff;tif;png;wav;mfcribbon-ms</Extensions>
    </Filter>
    <Filter Include="Header Files\Maps">
      <UniqueIdentifier>{ba7e705f-336a-4ea0-9fbe-098168d526bc}</UniqueIdentifier>
    </Filter>
    <Filter Include="Header Files\IO">
      <UniqueIdentifier>{c9d25649-0188-4ce3-843a-c58679c1a6ab}</UniqueIdentifier>
    </Filter>
    <Filter Include="Source Files\IO">
      <UniqueIdentifier>{fe3f2daa-6f55-46b7-a394-f0bdd51a7ae4}</UniqueIdentifier>
    </Filter>
    <Filter Include="Source Files\Maps">
      <UniqueIdentifier>{ebc04acb-41d8-4be5-951f-455a0baa2e2c}</UniqueIdentifier>
    </Filter>
  </ItemGroup>
  <ItemGroup>
    <ClInclude Include="framework.h">
      <Filter>Header Files</Filter>
    </ClInclude>
    <ClInclude Include="targetver.h">
      <Filter>Header Files</Filter>
    </ClInclude>
    <ClInclude Include="Resource.h">
      <Filter>Header Files</Filter>
    </ClInclude>
    <ClInclude Include="SRS22.h">
      <Filter>Header Files</Filter>
    </ClInclude>
    <ClInclude Include="IO\ScreenInput.h">
      <Filter>Header Files\IO</Filter>
    </ClInclude>
    <ClInclude Include="Brain.h">
      <Filter>Header Files</Filter>
    </ClInclude>
    <ClInclude Include="ClassPredefines.h">
      <Filter>Header Files</Filter>
    </ClInclude>
    <ClInclude Include="ConceptState.h">
      <Filter>Header Files</Filter>
    </ClInclude>
    <ClInclude Include="ConnectivityTriple.h">
      <Filter>Header Files</Filter>
    </ClInclude>
    <ClInclude Include="FastRand.h">
      <Filter>Header Files</Filter>
    </ClInclude>
    <ClInclude Include="GoodnessFunction.h">
      <Filter>Header Files</Filter>
    </ClInclude>
    <ClInclude Include="MatchSelector.h">
      <Filter>Header Files</Filter>
    </ClInclude>
    <ClInclude Include="Pattern.h">
      <Filter>Header Files</Filter>
    </ClInclude>
    <ClInclude Include="PatternConnection.h">
      <Filter>Header Files</Filter>
    </ClInclude>
    <ClInclude Include="PatternMatchingSystem.h">
      <Filter>Header Files</Filter>
    </ClInclude>
    <ClInclude Include="pch.h">
      <Filter>Header Files</Filter>
    </ClInclude>
    <ClInclude Include="Reaper.h">
      <Filter>Header Files</Filter>
    </ClInclude>
    <ClInclude Include="SRSUnit.h">
      <Filter>Header Files</Filter>
    </ClInclude>
    <ClInclude Include="tinyfloat.h">
      <Filter>Header Files</Filter>
    </ClInclude>
    <ClInclude Include="TransformFunction.h">
      <Filter>Header Files</Filter>
    </ClInclude>
    <ClInclude Include="Maps\ScreenIn.h">
      <Filter>Header Files\Maps</Filter>
    </ClInclude>
  </ItemGroup>
  <ItemGroup>
    <ClCompile Include="SRS22.cpp">
      <Filter>Source Files</Filter>
    </ClCompile>
    <ClCompile Include="IO\ScreenInput.cpp">
      <Filter>Source Files\IO</Filter>
    </ClCompile>
    <ClCompile Include="AssemblyInfo.cpp">
      <Filter>Source Files</Filter>
    </ClCompile>
    <ClCompile Include="Brain.cpp">
      <Filter>Source Files</Filter>
    </ClCompile>
    <ClCompile Include="ConceptState.cpp">
      <Filter>Source Files</Filter>
    </ClCompile>
    <ClCompile Include="ConnectivityTriple.cpp">
      <Filter>Source Files</Filter>
    </ClCompile>
    <ClCompile Include="FastRand.cpp">
      <Filter>Source Files</Filter>
    </ClCompile>
    <ClCompile Include="GoodnessFunction.cpp">
      <Filter>Source Files</Filter>
    </ClCompile>
    <ClCompile Include="MatchSelector.cpp">
      <Filter>Source Files</Filter>
    </ClCompile>
    <ClCompile Include="Pattern.cpp">
      <Filter>Source Files</Filter>
    </ClCompile>
    <ClCompile Include="PatternConnection.cpp">
      <Filter>Source Files</Filter>
    </ClCompile>
    <ClCompile Include="PatternMatchingSystem.cpp">
      <Filter>Source Files</Filter>
    </ClCompile>
    <ClCompile Include="pch.cpp">
      <Filter>Source Files</Filter>
    </ClCompile>
    <ClCompile Include="Reaper.cpp">
      <Filter>Source Files</Filter>
    </ClCompile>
    <ClCompile Include="SRSUnit.cpp">
      <Filter>Source Files</Filter>
    </ClCompile>
    <ClCompile Include="tinyfloat.cpp">
      <Filter>Source Files</Filter>
    </ClCompile>
    <ClCompile Include="TransformFunction.cpp">
      <Filter>Source Files</Filter>
    </ClCompile>
    <ClCompile Include="Maps\ScreenIn.cpp">
      <Filter>Source Files\Maps</Filter>
    </ClCompile>
  </ItemGroup>
  <ItemGroup>
    <ResourceCompile Include="SRS22.rc">
      <Filter>Resource Files</Filter>
    </ResourceCompile>
  </ItemGroup>
  <ItemGroup>
    <Image Include="small.ico">
      <Filter>Resource Files</Filter>
    </Image>
    <Image Include="SRS22.ico">
      <Filter>Resource Files</Filter>
    </Image>
  </ItemGroup>
</Project>