<?xml version="1.0" encoding="utf-8"?>
<Project ToolsVersion="4.0" xmlns="http://schemas.microsoft.com/developer/msbuild/2003">
  <ItemGroup>
    <Filter Include="Resource Files">
      <UniqueIdentifier>{67DA6AB6-F800-4c08-8B7A-83BB121AAD01}</UniqueIdentifier>
      <Extensions>rc;ico;cur;bmp;dlg;rc2;rct;bin;rgs;gif;jpg;jpeg;jpe;resx;tiff;tif;png;wav;mfcribbon-ms</Extensions>
    </Filter>
    <Filter Include="Source">
      <UniqueIdentifier>{93995380-89BD-4b04-88EB-625FBE52EBFB}</UniqueIdentifier>
      <Extensions>h;hh;hpp;hxx;h++;hm;inl;inc;ipp;xsd</Extensions>
    </Filter>
    <Filter Include="Source\Maps">
      <UniqueIdentifier>{09344d02-bdde-4d6f-a680-1300e094d74d}</UniqueIdentifier>
    </Filter>
    <Filter Include="Source\HardwareIO">
      <UniqueIdentifier>{1bf68f56-b9ad-470c-9918-d17e48f1dc8e}</UniqueIdentifier>
    </Filter>
    <Filter Include="Source\ui">
      <UniqueIdentifier>{54725829-135e-46f1-8605-508354ea553b}</UniqueIdentifier>
    </Filter>
  </ItemGroup>
  <ItemGroup>
    <ClInclude Include="SRS22.h">
      <Filter>Source</Filter>
    </ClInclude>
    <ClInclude Include="targetver.h">
      <Filter>Source</Filter>
    </ClInclude>
    <ClInclude Include="Resource.h">
      <Filter>Source</Filter>
    </ClInclude>
    <ClInclude Include="pch.h">
      <Filter>Source</Filter>
    </ClInclude>
    <ClInclude Include="SRS22UIgen.h">
      <Filter>Source</Filter>
    </ClInclude>
    <ClInclude Include="MonitorFrame.h">
      <Filter>Source</Filter>
    </ClInclude>
    <ClInclude Include="TopTextFrame.h">
      <Filter>Source</Filter>
    </ClInclude>
    <ClInclude Include="WhiteboardFrame.h">
      <Filter>Source</Filter>
    </ClInclude>
    <ClInclude Include="TopVideoFrame.h">
      <Filter>Source</Filter>
    </ClInclude>
    <ClInclude Include="ini.h">
      <Filter>Source</Filter>
    </ClInclude>
    <ClInclude Include="Settings.h">
      <Filter>Source</Filter>
    </ClInclude>
    <ClInclude Include="ui\ColorSquare16Black.bmp.h">
      <Filter>Source\ui</Filter>
    </ClInclude>
    <ClInclude Include="ui\ColorSquare16Blue.bmp.h">
      <Filter>Source\ui</Filter>
    </ClInclude>
    <ClInclude Include="ui\ColorSquare16Cyan.bmp.h">
      <Filter>Source\ui</Filter>
    </ClInclude>
    <ClInclude Include="ui\ColorSquare16Green.bmp.h">
      <Filter>Source\ui</Filter>
    </ClInclude>
    <ClInclude Include="ui\ColorSquare16Magenta.bmp.h">
      <Filter>Source\ui</Filter>
    </ClInclude>
    <ClInclude Include="ui\ColorSquare16Red.bmp.h">
      <Filter>Source\ui</Filter>
    </ClInclude>
    <ClInclude Include="ui\ColorSquare16White.bmp.h">
      <Filter>Source\ui</Filter>
    </ClInclude>
    <ClInclude Include="ui\ColorSquare16Yellow.bmp.h">
      <Filter>Source\ui</Filter>
    </ClInclude>
    <ClInclude Include="canvas.h">
      <Filter>Source</Filter>
    </ClInclude>
    <ClInclude Include="WaveInputHelper.h">
      <Filter>Source</Filter>
    </ClInclude>
    <ClInclude Include="StringConversionHelpers.h">
      <Filter>Source</Filter>
    </ClInclude>
    <ClInclude Include="WaveOutputHelper.h">
      <Filter>Source</Filter>
    </ClInclude>
  </ItemGroup>
  <ItemGroup>
    <ClCompile Include="MonitorFrame.cpp">
      <Filter>Source</Filter>
    </ClCompile>
    <ClCompile Include="pch.cpp">
      <Filter>Source</Filter>
    </ClCompile>
    <ClCompile Include="Settings.cpp">
      <Filter>Source</Filter>
    </ClCompile>
    <ClCompile Include="SRS22.cpp">
      <Filter>Source</Filter>
    </ClCompile>
    <ClCompile Include="SRS22UIgen.cpp">
      <Filter>Source</Filter>
    </ClCompile>
    <ClCompile Include="TopTextFrame.cpp">
      <Filter>Source</Filter>
    </ClCompile>
    <ClCompile Include="TopVideoFrame.cpp">
      <Filter>Source</Filter>
    </ClCompile>
    <ClCompile Include="WhiteboardFrame.cpp">
      <Filter>Source</Filter>
    </ClCompile>
    <ClCompile Include="canvas.cpp">
      <Filter>Source</Filter>
    </ClCompile>
    <ClCompile Include="WaveInputHelper.cpp">
      <Filter>Source</Filter>
    </ClCompile>
    <ClCompile Include="StringConversionHelpers.cpp">
      <Filter>Source</Filter>
    </ClCompile>
    <ClCompile Include="WaveOutputHelper.cpp">
      <Filter>Source</Filter>
    </ClCompile>
  </ItemGroup>
  <ItemGroup>
    <ResourceCompile Include="SRS22.rc">
      <Filter>Resource Files</Filter>
    </ResourceCompile>
  </ItemGroup>
  <ItemGroup>
    <Image Include="res\file_view.ico">
      <Filter>Resource Files</Filter>
    </Image>
    <Image Include="res\file_view_hc.ico">
      <Filter>Resource Files</Filter>
    </Image>
    <Image Include="res\class_view.ico">
      <Filter>Resource Files</Filter>
    </Image>
    <Image Include="res\class_view_hc.ico">
      <Filter>Resource Files</Filter>
    </Image>
    <Image Include="res\fileview.bmp">
      <Filter>Resource Files</Filter>
    </Image>
    <Image Include="res\fileview_hc.bmp">
      <Filter>Resource Files</Filter>
    </Image>
    <Image Include="res\classview.bmp">
      <Filter>Resource Files</Filter>
    </Image>
    <Image Include="res\classview_hc.bmp">
      <Filter>Resource Files</Filter>
    </Image>
    <Image Include="res\explorer.bmp">
      <Filter>Resource Files</Filter>
    </Image>
    <Image Include="res\explorer_hc.bmp">
      <Filter>Resource Files</Filter>
    </Image>
    <Image Include="res\sort.bmp">
      <Filter>Resource Files</Filter>
    </Image>
    <Image Include="res\sort_hc.bmp">
      <Filter>Resource Files</Filter>
    </Image>
    <Image Include="res\menuimages.bmp">
      <Filter>Resource Files</Filter>
    </Image>
    <Image Include="res\menuimages_hc.bmp">
      <Filter>Resource Files</Filter>
    </Image>
    <Image Include="res\output_wnd.ico">
      <Filter>Resource Files</Filter>
    </Image>
    <Image Include="res\output_wnd_hc.ico">
      <Filter>Resource Files</Filter>
    </Image>
    <Image Include="res\properties_wnd.ico">
      <Filter>Resource Files</Filter>
    </Image>
    <Image Include="res\properties_wnd_hc.ico">
      <Filter>Resource Files</Filter>
    </Image>
    <Image Include="res\properties.bmp">
      <Filter>Resource Files</Filter>
    </Image>
    <Image Include="res\properties_hc.bmp">
      <Filter>Resource Files</Filter>
    </Image>
    <Image Include="res\userimages.bmp">
      <Filter>Resource Files</Filter>
    </Image>
    <Image Include="res\SRS22Doc.ico">
      <Filter>Resource Files</Filter>
    </Image>
    <Image Include="res\SRS22.ico">
      <Filter>Resource Files</Filter>
    </Image>
    <Image Include="res\Toolbar.bmp">
      <Filter>Resource Files</Filter>
    </Image>
    <Image Include="res\Toolbar256.bmp">
      <Filter>Resource Files</Filter>
    </Image>
    <Image Include="Images\WhiteSquare.png">
      <Filter>Resource Files</Filter>
    </Image>
    <Image Include="Images\ColorSquare16White.png">
      <Filter>Resource Files</Filter>
    </Image>
    <Image Include="res\bitmap1.bmp">
      <Filter>Resource Files</Filter>
    </Image>
    <Image Include="Images\WhiteSquare.bmp">
      <Filter>Resource Files</Filter>
    </Image>
  </ItemGroup>
  <ItemGroup>
    <None Include="res\SRS22.rc2">
      <Filter>Resource Files</Filter>
    </None>
    <None Include="packages.config" />
  </ItemGroup>
</Project>